
Microsoft Visual Studio Solution File, Format Version 10.00
# Visual Studio 2008
Project("{FAE04EC0-301F-11D3-BF4B-00C04F79EFBC}") = "ec3k_gateway", "ec3k_gateway\ec3k_gateway.csproj", "{781FE58A-7349-4F49-9494-910A8581656C}"
EndProject
Global
	GlobalSection(SolutionConfigurationPlatforms) = preSolution
		Debug|x86 = Debug|x86
		Release|x86 = Release|x86
	EndGlobalSection
	GlobalSection(ProjectConfigurationPlatforms) = postSolution
		{781FE58A-7349-4F49-9494-910A8581656C}.Debug|x86.ActiveCfg = Debug|x86
		{781FE58A-7349-4F49-9494-910A8581656C}.Debug|x86.Build.0 = Debug|x86
		{781FE58A-7349-4F49-9494-910A8581656C}.Release|x86.ActiveCfg = Release|x86
		{781FE58A-7349-4F49-9494-910A8581656C}.Release|x86.Build.0 = Release|x86
	EndGlobalSection
	GlobalSection(MonoDevelopProperties) = preSolution
		StartupItem = ec3k_gateway\ec3k_gateway.csproj
	EndGlobalSection
EndGlobal
